<?xml version="1.0" encoding="utf-8"?>
<Project ToolsVersion="4.0" xmlns="http://schemas.microsoft.com/developer/msbuild/2003">
  <ItemGroup>
    <Filter Include="Source Files">
      <UniqueIdentifier>{4FC737F1-C7A5-4376-A066-2A32D752A2FF}</UniqueIdentifier>
      <Extensions>cpp;c;cc;cxx;def;odl;idl;hpj;bat;asm;asmx</Extensions>
    </Filter>
    <Filter Include="Header Files">
      <UniqueIdentifier>{93995380-89BD-4b04-88EB-625FBE52EBFB}</UniqueIdentifier>
      <Extensions>h;hh;hpp;hxx;hm;inl;inc;xsd</Extensions>
    </Filter>
    <Filter Include="Resource Files">
      <UniqueIdentifier>{67DA6AB6-F800-4c08-8B7A-83BB121AAD01}</UniqueIdentifier>
      <Extensions>rc;ico;cur;bmp;dlg;rc2;rct;bin;rgs;gif;jpg;jpeg;jpe;resx;tiff;tif;png;wav;mfcribbon-ms</Extensions>
    </Filter>
    <Filter Include="Header Files\Helper">
      <UniqueIdentifier>{805becd3-6818-44e6-b28e-32320cf55bcc}</UniqueIdentifier>
    </Filter>
    <Filter Include="Source Files\Helper">
      <UniqueIdentifier>{10223525-9ab0-4bdc-b4ba-dae9e63dee27}</UniqueIdentifier>
    </Filter>
    <Filter Include="Header Files\Interface">
      <UniqueIdentifier>{ee34a104-a037-4ad8-9d22-a48ab31f090e}</UniqueIdentifier>
    </Filter>
    <Filter Include="Header Files\Universal Block">
      <UniqueIdentifier>{9ad9060d-3122-4c6f-9bf2-a9dfce31f455}</UniqueIdentifier>
    </Filter>
    <Filter Include="Source Files\Universal Block">
      <UniqueIdentifier>{4a4cd2df-92c1-4ea1-a424-5055685631df}</UniqueIdentifier>
    </Filter>
    <Filter Include="Header Files\Model">
      <UniqueIdentifier>{1d1a8c46-922b-44d3-85b9-fd41d4264ac1}</UniqueIdentifier>
    </Filter>
    <Filter Include="Source Files\Model">
      <UniqueIdentifier>{bea07b91-13ea-4d3a-9974-45e56ff948d4}</UniqueIdentifier>
    </Filter>
    <Filter Include="Header Files\Format">
      <UniqueIdentifier>{c6cdf70b-c5af-47fb-af00-16ce68426216}</UniqueIdentifier>
    </Filter>
    <Filter Include="Header Files\Format\FAT32">
      <UniqueIdentifier>{9a912544-718e-4415-aeed-ab93b4c5564a}</UniqueIdentifier>
    </Filter>
    <Filter Include="Header Files\Format\FAT32\BootSector">
      <UniqueIdentifier>{023ad7ae-5d7a-48f6-adf9-648f01a9ca22}</UniqueIdentifier>
    </Filter>
    <Filter Include="Header Files\Format\FAT32\Entry">
      <UniqueIdentifier>{739405da-5f0a-44e9-ab83-7a1f27701940}</UniqueIdentifier>
    </Filter>
    <Filter Include="Header Files\Format\FAT32\DirectoryEntryTable">
      <UniqueIdentifier>{1681cc0a-075b-49bb-b906-fc75485f1816}</UniqueIdentifier>
    </Filter>
    <Filter Include="Header Files\Format\NTFS">
      <UniqueIdentifier>{5a7ddea1-6ddb-4ae0-b962-bd6e2120cad2}</UniqueIdentifier>
    </Filter>
    <Filter Include="Header Files\Format\NTFS\BootSector">
      <UniqueIdentifier>{b8b3f74e-4766-4a6f-95f2-d70062d5f1d2}</UniqueIdentifier>
    </Filter>
    <Filter Include="Source Files\Format">
      <UniqueIdentifier>{336f9573-b9c7-47f4-8eb8-5a89fafe5a39}</UniqueIdentifier>
    </Filter>
    <Filter Include="Source Files\Format\FAT32">
      <UniqueIdentifier>{b1a93f68-4bf4-4954-9687-d7f4e73dd3c2}</UniqueIdentifier>
    </Filter>
    <Filter Include="Source Files\Format\FAT32\BootSector">
      <UniqueIdentifier>{dbb00ceb-b113-4519-af82-a721a61a6f07}</UniqueIdentifier>
    </Filter>
    <Filter Include="Source Files\Format\FAT32\Entry">
      <UniqueIdentifier>{cde85214-1542-45c2-93f8-4b98ae7e611b}</UniqueIdentifier>
    </Filter>
    <Filter Include="Source Files\Format\FAT32\DirectoryEntryTable">
      <UniqueIdentifier>{2649a66a-2996-433f-b9d4-042257b5aeb1}</UniqueIdentifier>
    </Filter>
    <Filter Include="Source Files\Format\NTFS">
      <UniqueIdentifier>{3100eea5-4e1f-43b0-9724-be977cb4af9c}</UniqueIdentifier>
    </Filter>
    <Filter Include="Source Files\Format\NTFS\BootSector">
      <UniqueIdentifier>{be29351a-022f-4753-acff-bdd7e4a3bc96}</UniqueIdentifier>
    </Filter>
  </ItemGroup>
  <ItemGroup>
    <ClInclude Include="Utility.h">
      <Filter>Header Files\Helper</Filter>
    </ClInclude>
    <ClInclude Include="IBlock.h">
      <Filter>Header Files\Interface</Filter>
    </ClInclude>
    <ClInclude Include="SectorReader.h">
      <Filter>Header Files\Helper</Filter>
    </ClInclude>
    <ClInclude Include="MasterBootRecord.h">
      <Filter>Header Files\Universal Block</Filter>
    </ClInclude>
    <ClInclude Include="PartitionTable.h">
      <Filter>Header Files\Universal Block</Filter>
    </ClInclude>
    <ClInclude Include="BIOSParameterBlock.h">
      <Filter>Header Files\Universal Block</Filter>
    </ClInclude>
    <ClInclude Include="VolumeBootRecord.h">
      <Filter>Header Files\Universal Block</Filter>
    </ClInclude>
    <ClInclude Include="NTFS_ExtendedBIOSParameterBlock.h">
      <Filter>Header Files\Format\NTFS\BootSector</Filter>
    </ClInclude>
    <ClInclude Include="NTFS_BIOSParameterBlock.h">
      <Filter>Header Files\Format\NTFS\BootSector</Filter>
    </ClInclude>
    <ClInclude Include="NTFS_VolumeBootRecord.h">
      <Filter>Header Files\Format\NTFS\BootSector</Filter>
    </ClInclude>
    <ClInclude Include="FAT32_BIOSParameterBlock.h">
      <Filter>Header Files\Format\FAT32\BootSector</Filter>
    </ClInclude>
    <ClInclude Include="FAT32_VolumeBootRecord.h">
      <Filter>Header Files\Format\FAT32\BootSector</Filter>
    </ClInclude>
    <ClInclude Include="FAT.h">
      <Filter>Header Files\Format\FAT32</Filter>
    </ClInclude>
    <ClInclude Include="File.h">
      <Filter>Header Files\Model</Filter>
    </ClInclude>
    <ClInclude Include="AbstractEntry.h">
      <Filter>Header Files\Format\FAT32\Entry</Filter>
    </ClInclude>
    <ClInclude Include="LongFilename.h">
      <Filter>Header Files\Format\FAT32\Entry</Filter>
    </ClInclude>
    <ClInclude Include="Entry.h">
      <Filter>Header Files\Format\FAT32\Entry</Filter>
    </ClInclude>
    <ClInclude Include="RDET.h">
      <Filter>Header Files\Format\FAT32\DirectoryEntryTable</Filter>
    </ClInclude>
    <ClInclude Include="SDET.h">
      <Filter>Header Files\Format\FAT32\DirectoryEntryTable</Filter>
    </ClInclude>
    <ClInclude Include="AbstractFormat.h">
      <Filter>Header Files\Format</Filter>
    </ClInclude>
    <ClInclude Include="FAT32_Format.h">
      <Filter>Header Files\Format\FAT32</Filter>
    </ClInclude>
    <ClInclude Include="FormatFactory.h">
      <Filter>Header Files</Filter>
    </ClInclude>
  </ItemGroup>
  <ItemGroup>
    <ClCompile Include="main.cpp">
      <Filter>Source Files</Filter>
    </ClCompile>
    <ClCompile Include="Utility.cpp">
      <Filter>Source Files\Helper</Filter>
    </ClCompile>
    <ClCompile Include="SectorReader.cpp">
      <Filter>Source Files\Helper</Filter>
    </ClCompile>
    <ClCompile Include="MasterBootRecord.cpp">
      <Filter>Source Files\Universal Block</Filter>
    </ClCompile>
    <ClCompile Include="PartitionTable.cpp">
      <Filter>Source Files\Universal Block</Filter>
    </ClCompile>
    <ClCompile Include="VolumeBootRecord.cpp">
      <Filter>Source Files\Universal Block</Filter>
    </ClCompile>
    <ClCompile Include="BIOSParameterBlock.cpp">
      <Filter>Source Files\Universal Block</Filter>
    </ClCompile>
    <ClCompile Include="NTFS_ExtendedBIOSParameterBlock.cpp">
      <Filter>Source Files\Format\NTFS\BootSector</Filter>
    </ClCompile>
    <ClCompile Include="NTFS_VolumeBootRecord.cpp">
      <Filter>Source Files\Format\NTFS\BootSector</Filter>
    </ClCompile>
    <ClCompile Include="FAT32_BIOSParameterBlock.cpp">
      <Filter>Source Files\Format\FAT32\BootSector</Filter>
    </ClCompile>
    <ClCompile Include="FAT32_VolumeBootRecord.cpp">
      <Filter>Source Files\Format\FAT32\BootSector</Filter>
    </ClCompile>
    <ClCompile Include="FAT.cpp">
      <Filter>Source Files\Format\FAT32</Filter>
    </ClCompile>
    <ClCompile Include="File.cpp">
      <Filter>Source Files\Model</Filter>
    </ClCompile>
    <ClCompile Include="AbstractEntry.cpp">
      <Filter>Source Files\Format\FAT32\Entry</Filter>
    </ClCompile>
    <ClCompile Include="LongFilename.cpp">
      <Filter>Source Files\Format\FAT32\Entry</Filter>
    </ClCompile>
    <ClCompile Include="Entry.cpp">
      <Filter>Source Files\Format\FAT32\Entry</Filter>
    </ClCompile>
    <ClCompile Include="RDET.cpp">
      <Filter>Source Files\Format\FAT32\DirectoryEntryTable</Filter>
    </ClCompile>
    <ClCompile Include="SDET.cpp">
      <Filter>Source Files\Format\FAT32\DirectoryEntryTable</Filter>
    </ClCompile>
    <ClCompile Include="AbstractFormat.cpp">
      <Filter>Source Files\Format</Filter>
    </ClCompile>
    <ClCompile Include="FAT32_Format.cpp">
      <Filter>Source Files\Format\FAT32</Filter>
    </ClCompile>
    <ClCompile Include="FormatFactory.cpp">
      <Filter>Source Files</Filter>
    </ClCompile>
  </ItemGroup>
</Project>