<?xml version="1.0" encoding="utf-8"?>
<Project ToolsVersion="4.0" xmlns="http://schemas.microsoft.com/developer/msbuild/2003">
  <ItemGroup>
    <Filter Include="Source Files">
      <UniqueIdentifier>{4FC737F1-C7A5-4376-A066-2A32D752A2FF}</UniqueIdentifier>
      <Extensions>cpp;c;cc;cxx;def;odl;idl;hpj;bat;asm;asmx</Extensions>
    </Filter>
    <Filter Include="Header Files">
      <UniqueIdentifier>{93995380-89BD-4b04-88EB-625FBE52EBFB}</UniqueIdentifier>
      <Extensions>h;hh;hpp;hxx;hm;inl;inc;xsd</Extensions>
    </Filter>
    <Filter Include="Resource Files">
      <UniqueIdentifier>{67DA6AB6-F800-4c08-8B7A-83BB121AAD01}</UniqueIdentifier>
      <Extensions>rc;ico;cur;bmp;dlg;rc2;rct;bin;rgs;gif;jpg;jpeg;jpe;resx;tiff;tif;png;wav;mfcribbon-ms</Extensions>
    </Filter>
    <Filter Include="Header Files\Helper">
      <UniqueIdentifier>{805becd3-6818-44e6-b28e-32320cf55bcc}</UniqueIdentifier>
    </Filter>
    <Filter Include="Source Files\Helper">
      <UniqueIdentifier>{10223525-9ab0-4bdc-b4ba-dae9e63dee27}</UniqueIdentifier>
    </Filter>
    <Filter Include="Header Files\Interface">
      <UniqueIdentifier>{ee34a104-a037-4ad8-9d22-a48ab31f090e}</UniqueIdentifier>
    </Filter>
    <Filter Include="Header Files\NTFS">
      <UniqueIdentifier>{5a7ddea1-6ddb-4ae0-b962-bd6e2120cad2}</UniqueIdentifier>
    </Filter>
    <Filter Include="Source Files\NTFS">
      <UniqueIdentifier>{3100eea5-4e1f-43b0-9724-be977cb4af9c}</UniqueIdentifier>
    </Filter>
    <Filter Include="Header Files\Universal Block">
      <UniqueIdentifier>{9ad9060d-3122-4c6f-9bf2-a9dfce31f455}</UniqueIdentifier>
    </Filter>
    <Filter Include="Source Files\Universal Block">
      <UniqueIdentifier>{4a4cd2df-92c1-4ea1-a424-5055685631df}</UniqueIdentifier>
    </Filter>
    <Filter Include="Source Files\NTFS\BootSectorStuffs">
      <UniqueIdentifier>{be29351a-022f-4753-acff-bdd7e4a3bc96}</UniqueIdentifier>
    </Filter>
    <Filter Include="Header Files\NTFS\BootSectorStuffs">
      <UniqueIdentifier>{b8b3f74e-4766-4a6f-95f2-d70062d5f1d2}</UniqueIdentifier>
    </Filter>
    <Filter Include="Header Files\FAT32">
      <UniqueIdentifier>{9a912544-718e-4415-aeed-ab93b4c5564a}</UniqueIdentifier>
    </Filter>
    <Filter Include="Source Files\FAT32">
      <UniqueIdentifier>{b1a93f68-4bf4-4954-9687-d7f4e73dd3c2}</UniqueIdentifier>
    </Filter>
    <Filter Include="Header Files\FAT32\BootSectorStuffs">
      <UniqueIdentifier>{023ad7ae-5d7a-48f6-adf9-648f01a9ca22}</UniqueIdentifier>
    </Filter>
    <Filter Include="Source Files\FAT32\BootSectorStuffs">
      <UniqueIdentifier>{dbb00ceb-b113-4519-af82-a721a61a6f07}</UniqueIdentifier>
    </Filter>
  </ItemGroup>
  <ItemGroup>
    <ClInclude Include="Utility.h">
      <Filter>Header Files\Helper</Filter>
    </ClInclude>
    <ClInclude Include="IBlock.h">
      <Filter>Header Files\Interface</Filter>
    </ClInclude>
    <ClInclude Include="SectorReader.h">
      <Filter>Header Files\Helper</Filter>
    </ClInclude>
    <ClInclude Include="MasterBootRecord.h">
      <Filter>Header Files\Universal Block</Filter>
    </ClInclude>
    <ClInclude Include="PartitionTable.h">
      <Filter>Header Files\Universal Block</Filter>
    </ClInclude>
    <ClInclude Include="BIOSParameterBlock.h">
      <Filter>Header Files\Universal Block</Filter>
    </ClInclude>
    <ClInclude Include="VolumeBootRecord.h">
      <Filter>Header Files\Universal Block</Filter>
    </ClInclude>
    <ClInclude Include="NTFS_ExtendedBIOSParameterBlock.h">
      <Filter>Header Files\NTFS\BootSectorStuffs</Filter>
    </ClInclude>
    <ClInclude Include="NTFS_BIOSParameterBlock.h">
      <Filter>Header Files\NTFS\BootSectorStuffs</Filter>
    </ClInclude>
    <ClInclude Include="NTFS_VolumeBootRecord.h">
      <Filter>Header Files\NTFS\BootSectorStuffs</Filter>
    </ClInclude>
    <ClInclude Include="FAT32_BIOSParameterBlock.h">
      <Filter>Header Files\FAT32\BootSectorStuffs</Filter>
    </ClInclude>
    <ClInclude Include="FAT32_VolumeBootRecord.h">
      <Filter>Header Files\FAT32\BootSectorStuffs</Filter>
    </ClInclude>
  </ItemGroup>
  <ItemGroup>
    <ClCompile Include="main.cpp">
      <Filter>Source Files</Filter>
    </ClCompile>
    <ClCompile Include="Utility.cpp">
      <Filter>Source Files\Helper</Filter>
    </ClCompile>
    <ClCompile Include="SectorReader.cpp">
      <Filter>Source Files\Helper</Filter>
    </ClCompile>
    <ClCompile Include="MasterBootRecord.cpp">
      <Filter>Source Files\Universal Block</Filter>
    </ClCompile>
    <ClCompile Include="PartitionTable.cpp">
      <Filter>Source Files\Universal Block</Filter>
    </ClCompile>
    <ClCompile Include="VolumeBootRecord.cpp">
      <Filter>Source Files\Universal Block</Filter>
    </ClCompile>
    <ClCompile Include="BIOSParameterBlock.cpp">
      <Filter>Source Files\Universal Block</Filter>
    </ClCompile>
    <ClCompile Include="NTFS_ExtendedBIOSParameterBlock.cpp">
      <Filter>Source Files\NTFS\BootSectorStuffs</Filter>
    </ClCompile>
    <ClCompile Include="NTFS_VolumeBootRecord.cpp">
      <Filter>Source Files\NTFS\BootSectorStuffs</Filter>
    </ClCompile>
    <ClCompile Include="FAT32_BIOSParameterBlock.cpp">
      <Filter>Source Files\FAT32\BootSectorStuffs</Filter>
    </ClCompile>
    <ClCompile Include="FAT32_VolumeBootRecord.cpp">
      <Filter>Source Files\FAT32\BootSectorStuffs</Filter>
    </ClCompile>
  </ItemGroup>
</Project>